
Microsoft Visual Studio Solution File, Format Version 12.00
# Visual Studio Version 17
VisualStudioVersion = 17.0.31903.59
MinimumVisualStudioVersion = 10.0.40219.1
Project("{FAE04EC0-301F-11D3-BF4B-00C04F79EFBC}") = "Logger", "Logger\Logger.csproj", "{778350A2-F542-4D62-B298-6C37DE5FB612}"
EndProject
Project("{FAE04EC0-301F-11D3-BF4B-00C04F79EFBC}") = "LoggerTest", "LoggerTest\LoggerTest.csproj", "{7E6D6692-3497-4B7F-9F36-2AB339C831B6}"
EndProject
Global
	GlobalSection(SolutionConfigurationPlatforms) = preSolution
		Debug|Any CPU = Debug|Any CPU
		Release|Any CPU = Release|Any CPU
	EndGlobalSection
	GlobalSection(SolutionProperties) = preSolution
		HideSolutionNode = FALSE
	EndGlobalSection
	GlobalSection(ProjectConfigurationPlatforms) = postSolution
		{778350A2-F542-4D62-B298-6C37DE5FB612}.Debug|Any CPU.ActiveCfg = Debug|Any CPU
		{778350A2-F542-4D62-B298-6C37DE5FB612}.Debug|Any CPU.Build.0 = Debug|Any CPU
		{778350A2-F542-4D62-B298-6C37DE5FB612}.Release|Any CPU.ActiveCfg = Release|Any CPU
		{778350A2-F542-4D62-B298-6C37DE5FB612}.Release|Any CPU.Build.0 = Release|Any CPU
		{7E6D6692-3497-4B7F-9F36-2AB339C831B6}.Debug|Any CPU.ActiveCfg = Debug|Any CPU
		{7E6D6692-3497-4B7F-9F36-2AB339C831B6}.Debug|Any CPU.Build.0 = Debug|Any CPU
		{7E6D6692-3497-4B7F-9F36-2AB339C831B6}.Release|Any CPU.ActiveCfg = Release|Any CPU
		{7E6D6692-3497-4B7F-9F36-2AB339C831B6}.Release|Any CPU.Build.0 = Release|Any CPU
	EndGlobalSection
EndGlobal
